# THIS IS AN AUTOGENERATED FILE. DO NOT EDIT THIS FILE DIRECTLY.
# yarn lockfile v1


abbrev@^1.1.1:
  version "1.1.1"
  resolved "http://r.tnpm.oa.com/abbrev/-/abbrev-1.1.1.tgz#f8f2c887ad10bf67f634f005b6987fed3179aac8"
  integrity sha512-nne9/IiQ/hzIhY6pdDnbBtz7DjPTKrY00P/zvPSm5pOFkl6xuGrGnXn/VtTNNfNtAfZ9/1RtehkszU9qcTii0Q==

ansi-styles@^4.1.0:
  version "4.3.0"
  resolved "http://r.tnpm.oa.com/ansi-styles/-/ansi-styles-4.3.0.tgz#edd803628ae71c04c85ae7a0906edad34b648937"
  integrity sha512-zbB9rCJAT1rbjiVDb2hqKFHNYLxgtk8NURxZ3IZwD3F6NtxbXZQCnnSi1Lkx+IDohdPlFp222wVALIheZJQSEg==
  dependencies:
    color-convert "^2.0.1"

anymatch@~3.1.1:
  version "3.1.2"
  resolved "http://r.tnpm.oa.com/anymatch/-/anymatch-3.1.2.tgz#c0557c096af32f106198f4f4e2a383537e378716"
  integrity sha512-P43ePfOAIupkguHUycrc4qJ9kz8ZiuOUijaETwX7THt0Y/GNK7v0aa8rY816xWjZ7rJdA5XdMcpVFTKMq+RvWg==
  dependencies:
    normalize-path "^3.0.0"
    picomatch "^2.0.4"

binary-extensions@^2.0.0:
  version "2.2.0"
  resolved "http://r.tnpm.oa.com/binary-extensions/-/binary-extensions-2.2.0.tgz#75f502eeaf9ffde42fc98829645be4ea76bd9e2d"
  integrity sha512-jDctJ/IVQbZoJykoeHbhXpOlNBqGNcwXJKJog42E5HDPUwQTSdjCHdihjj0DlnheQ7blbT6dHOafNAiS8ooQKA==

bluebird@^3.5.1, bluebird@^3.5.2, bluebird@^3.5.5:
  version "3.7.2"
  resolved "http://r.tnpm.oa.com/bluebird/-/bluebird-3.7.2.tgz#9f229c15be272454ffa973ace0dbee79a1b0c36f"
  integrity sha512-XpNj6GDQzdfW+r2Wnn7xiSAd7TM3jzkxGXBGTtWKuSXv1xUV+azxAm8jdWZN06QTQk+2N2XB9jRDkvbmQmcRtg==

braces@~3.0.2:
  version "3.0.2"
  resolved "http://r.tnpm.oa.com/braces/-/braces-3.0.2.tgz#3454e1a462ee8d599e236df336cd9ea4f8afe107"
  integrity sha512-b8um+L1RzM3WDSzvhm6gIz1yfTbBt6YTlcEKAvsmqCZZFw46z626lVj9j1yEPW33H5H+lBQpZMP1k8l+78Ha0A==
  dependencies:
    fill-range "^7.0.1"

camel-case@^4.0.0:
  version "4.1.2"
  resolved "http://r.tnpm.oa.com/camel-case/-/camel-case-4.1.2.tgz#9728072a954f805228225a6deea6b38461e1bd5a"
  integrity sha512-gxGWBrTT1JuMx6R+o5PTXMmUnhnVzLQ9SNutD4YqKtI6ap897t3tKECYla6gCWEkplXnlNybEkZg9GEGxKFCgw==
  dependencies:
    pascal-case "^3.1.2"
    tslib "^2.0.3"

chalk@^4.0.0:
  version "4.1.1"
  resolved "http://r.tnpm.oa.com/chalk/-/chalk-4.1.1.tgz#c80b3fab28bf6371e6863325eee67e618b77e6ad"
  integrity sha512-diHzdDKxcU+bAsUboHLPEDQiw0qEe0qd7SYUn3HgcFlWgbDcfLGswOHYeGrHKzG9z6UYf01d9VFMfZxPM1xZSg==
  dependencies:
    ansi-styles "^4.1.0"
    supports-color "^7.1.0"

chokidar@^3.0.0:
  version "3.5.1"
  resolved "http://r.tnpm.oa.com/chokidar/-/chokidar-3.5.1.tgz#ee9ce7bbebd2b79f49f304799d5468e31e14e68a"
  integrity sha512-9+s+Od+W0VJJzawDma/gvBNQqkTiqYTWLuZoyAsivsI4AaWTCzHG06/TMjsf1cYe9Cb97UCEhjz7HvnPk2p/tw==
  dependencies:
    anymatch "~3.1.1"
    braces "~3.0.2"
    glob-parent "~5.1.0"
    is-binary-path "~2.1.0"
    is-glob "~4.0.1"
    normalize-path "~3.0.0"
    readdirp "~3.5.0"
  optionalDependencies:
    fsevents "~2.3.1"

clipboard@^2.0.0:
  version "2.0.8"
  resolved "http://r.tnpm.oa.com/clipboard/-/clipboard-2.0.8.tgz#ffc6c103dd2967a83005f3f61976aa4655a4cdba"
  integrity sha512-Y6WO0unAIQp5bLmk1zdThRhgJt/x3ks6f30s3oE3H1mgIEU33XyQjEf8gsf6DxC7NPX8Y1SsNWjUjL/ywLnnbQ==
  dependencies:
    good-listener "^1.2.2"
    select "^1.1.2"
    tiny-emitter "^2.0.0"

color-convert@^2.0.1:
  version "2.0.1"
  resolved "http://r.tnpm.oa.com/color-convert/-/color-convert-2.0.1.tgz#72d3a68d598c9bdb3af2ad1e84f21d896abd4de3"
  integrity sha512-RRECPsj7iu/xb5oKYcsFHSppFNnsj/52OVTRKb4zP5onXwVF3zVmmToNcOfGC+CRDpfK/U584fMg38ZHCaElKQ==
  dependencies:
    color-name "~1.1.4"

color-name@~1.1.4:
  version "1.1.4"
  resolved "http://r.tnpm.oa.com/color-name/-/color-name-1.1.4.tgz#c2a09a87acbde69543de6f63fa3995c826c536a2"
  integrity sha512-dOy+3AuW3a2wNbZHIuMZpTcgjGuLU/uBL/ubcZF9OXbDo8ff4O8yVp5Bf0efS8uEoYo5q4Fx7dY9OgQGXgAsQA==

command-exists@^1.2.8:
  version "1.2.9"
  resolved "http://r.tnpm.oa.com/command-exists/-/command-exists-1.2.9.tgz#c50725af3808c8ab0260fd60b01fbfa25b954f69"
  integrity sha512-LTQ/SGc+s0Xc0Fu5WaKnR0YiygZkm9eKFvyS+fRsU7/ZWFF8ykFM6Pc9aCVf1+xasOOZpO3BAVgVrKvsqKHV7w==

cross-spawn@^7.0.0:
  version "7.0.3"
  resolved "http://r.tnpm.oa.com/cross-spawn/-/cross-spawn-7.0.3.tgz#f73a85b9d5d41d045551c177e2882d4ac85728a6"
  integrity sha512-iRDPJKUPVEND7dHPO8rkbOnPpyDygcDFtWjpeWNCgy8WP2rXcxXL8TskReQl6OrB2G7+UJrags1q15Fudc7G6w==
  dependencies:
    path-key "^3.1.0"
    shebang-command "^2.0.0"
    which "^2.0.1"

deepmerge@^4.2.2:
  version "4.2.2"
  resolved "http://r.tnpm.oa.com/deepmerge/-/deepmerge-4.2.2.tgz#44d2ea3679b8f4d4ffba33f03d865fc1e7bf4955"
  integrity sha512-FJ3UgI4gIl+PHZm53knsuSFpE+nESMr7M4v9QcgB7S63Kj/6WqMiFQJpBBYz1Pt+66bZpP3Q7Lye0Oo9MPKEdg==

delegate@^3.1.2:
  version "3.2.0"
  resolved "http://r.tnpm.oa.com/delegate/-/delegate-3.2.0.tgz#b66b71c3158522e8ab5744f720d8ca0c2af59166"
  integrity sha512-IofjkYBZaZivn0V8nnsMJGBr4jVLxHDheKSW88PyxS5QC4Vo9ZbZVvhzlSxY87fVq3STR6r+4cGepyHkcWOQSw==

dom-serializer@^1.0.1:
  version "1.3.2"
  resolved "http://r.tnpm.oa.com/dom-serializer/-/dom-serializer-1.3.2.tgz#6206437d32ceefaec7161803230c7a20bc1b4d91"
  integrity sha512-5c54Bk5Dw4qAxNOI1pFEizPSjVsx5+bpJKmL2kPn8JhBUq2q09tTCa3mjijun2NfK78NMouDYNMBkOrPZiS+ig==
  dependencies:
    domelementtype "^2.0.1"
    domhandler "^4.2.0"
    entities "^2.0.0"

domelementtype@^2.0.1, domelementtype@^2.2.0:
  version "2.2.0"
  resolved "http://r.tnpm.oa.com/domelementtype/-/domelementtype-2.2.0.tgz#9a0b6c2782ed6a1c7323d42267183df9bd8b1d57"
  integrity sha512-DtBMo82pv1dFtUmHyr48beiuq792Sxohr+8Hm9zoxklYPfa6n0Z3Byjj2IV7bmr2IyqClnqEQhfgHJJ5QF0R5A==

domhandler@^4.0.0, domhandler@^4.2.0:
  version "4.2.0"
  resolved "http://r.tnpm.oa.com/domhandler/-/domhandler-4.2.0.tgz#f9768a5f034be60a89a27c2e4d0f74eba0d8b059"
  integrity sha512-zk7sgt970kzPks2Bf+dwT/PLzghLnsivb9CcxkvR8Mzr66Olr0Ofd8neSbglHJHaHa2MadfoSdNlKYAaafmWfA==
  dependencies:
    domelementtype "^2.2.0"

domutils@^2.5.2:
  version "2.7.0"
  resolved "http://r.tnpm.oa.com/domutils/-/domutils-2.7.0.tgz#8ebaf0c41ebafcf55b0b72ec31c56323712c5442"
  integrity sha512-8eaHa17IwJUPAiB+SoTYBo5mCdeMgdcAoXJ59m6DT1vw+5iLS3gNoqYaRowaBKtGVrOF1Jz4yDTgYKLK2kvfJg==
  dependencies:
    dom-serializer "^1.0.1"
    domelementtype "^2.2.0"
    domhandler "^4.2.0"

entities@^2.0.0:
  version "2.2.0"
  resolved "http://r.tnpm.oa.com/entities/-/entities-2.2.0.tgz#098dc90ebb83d8dffa089d55256b351d34c4da55"
  integrity sha512-p92if5Nz619I0w+akJrLZH0MX0Pb5DX39XOwQTtXSdQQOaYH03S1uIQp4mhOZtAXrxq4ViO67YTiLBo2638o9A==

fill-range@^7.0.1:
  version "7.0.1"
  resolved "http://r.tnpm.oa.com/fill-range/-/fill-range-7.0.1.tgz#1919a6a7c75fe38b2c7c77e5198535da9acdda40"
  integrity sha512-qOo9F+dMUmC2Lcb4BbVvnKJxTPjCm+RRpe4gDuGrzkL7mEVl/djYSu2OdQ2Pa302N4oqkSg9ir6jaLWJ2USVpQ==
  dependencies:
    to-regex-range "^5.0.1"

fsevents@~2.3.1:
  version "2.3.2"
  resolved "http://r.tnpm.oa.com/fsevents/-/fsevents-2.3.2.tgz#8a526f78b8fdf4623b709e0b975c52c24c02fd1a"
  integrity sha512-xiqMQR4xAeHTuB9uWm+fFRcIOgKBMiOBP+eXiyT7jsgVCq1bkVygt00oASowB7EdtpOHaaPgKt812P9ab+DDKA==

function-bind@^1.1.1:
  version "1.1.1"
  resolved "http://r.tnpm.oa.com/function-bind/-/function-bind-1.1.1.tgz#a56899d3ea3c9bab874bb9773b7c5ede92f4895d"
  integrity sha512-yIovAzMX49sF8Yl58fSCWJ5svSLuaibPxXQJFLmBObTuCr0Mf1KiPopGM9NiFjiYBCbfaa2Fh6breQ6ANVTI0A==

glob-parent@~5.1.0:
  version "5.1.2"
  resolved "http://r.tnpm.oa.com/glob-parent/-/glob-parent-5.1.2.tgz#869832c58034fe68a4093c17dc15e8340d8401c4"
  integrity sha512-AOIgSQCepiJYwP3ARnGx+5VnTu2HBYdzbGP45eLw1vr3zB3vZLeyed1sC9hnbcOc9/SrMyM5RPQrkGz4aS9Zow==
  dependencies:
    is-glob "^4.0.1"

good-listener@^1.2.2:
  version "1.2.2"
  resolved "http://r.tnpm.oa.com/good-listener/-/good-listener-1.2.2.tgz#d53b30cdf9313dffb7dc9a0d477096aa6d145c50"
  integrity sha1-1TswzfkxPf+33JoNR3CWqm0UXFA=
  dependencies:
    delegate "^3.1.2"

graceful-fs@^4.1.11:
  version "4.2.6"
  resolved "http://r.tnpm.oa.com/graceful-fs/-/graceful-fs-4.2.6.tgz#ff040b2b0853b23c3d31027523706f1885d76bee"
  integrity sha512-nTnJ528pbqxYanhpDYsi4Rd8MAeaBA67+RZ10CM1m3bTAVFEDcd5AuA4a6W5YkGZ1iNXHzZz8T6TBKLeBuNriQ==

has-flag@^4.0.0:
  version "4.0.0"
  resolved "http://r.tnpm.oa.com/has-flag/-/has-flag-4.0.0.tgz#944771fd9c81c81265c4d6941860da06bb59479b"
  integrity sha512-EykJT/Q1KjTWctppgIAgfSO0tKVuZUjhgMr17kqTumMl6Afv3EISleU7qZUzoXDFTAHTDC4NOoG/ZxU3EvlMPQ==

has@^1.0.3:
  version "1.0.3"
  resolved "http://r.tnpm.oa.com/has/-/has-1.0.3.tgz#722d7cbfc1f6aa8241f16dd814e011e1f41e8796"
  integrity sha512-f2dvO0VU6Oej7RkWJGrehjbzMAjFp5/VKPp5tTpWIV4JHHZK1/BxbFRtf/siA2SWTe09caDmVtYYzWEIbBS4zw==
  dependencies:
    function-bind "^1.1.1"

hexo-cli@^4.2.0:
  version "4.2.0"
  resolved "http://r.tnpm.oa.com/hexo-cli/-/hexo-cli-4.2.0.tgz#74647bc72a90b9cebf04af5bc70839ab281a305d"
  integrity sha512-NJQYKnD41KUlNZzEyi8wDzPeGhrjwLLTa05dtkwq+lJch+j9idZTh4dgn3w/82o6Q/zygn+ibO1XvihMfFdSfw==
  dependencies:
    abbrev "^1.1.1"
    bluebird "^3.5.5"
    chalk "^4.0.0"
    command-exists "^1.2.8"
    hexo-fs "^3.0.1"
    hexo-log "^2.0.0"
    hexo-util "^2.0.0"
    minimist "^1.2.5"
    resolve "^1.11.0"
    tildify "^2.0.0"

hexo-fs@^3.0.1:
  version "3.1.0"
  resolved "http://r.tnpm.oa.com/hexo-fs/-/hexo-fs-3.1.0.tgz#2052ff72c68cda2c577a87aa0ea7980ae503fa99"
  integrity sha512-SfoDH7zlU9Iop+bAfEONXezbNIkpVX1QqjNCBYpapilZR+xVOCfTEdlNixanrKBbLGPb2fXqrdDBFgrKuiVGQQ==
  dependencies:
    bluebird "^3.5.1"
    chokidar "^3.0.0"
    graceful-fs "^4.1.11"
    hexo-util "^2.0.0"

hexo-log@^2.0.0:
  version "2.0.0"
  resolved "http://r.tnpm.oa.com/hexo-log/-/hexo-log-2.0.0.tgz#1dcc8e960029b08b21994fe2c56c4e3d6346e893"
  integrity sha512-U7zdDae74pXcyhQEyNmpJdq3UI6zWKxQ7/zLoMr/d3CBRdIfB5yO8DWqKUnewfibYv0gODyTWUIhxQDWuwloow==
  dependencies:
    chalk "^4.0.0"

hexo-util@^2.0.0:
  version "2.5.0"
  resolved "http://r.tnpm.oa.com/hexo-util/-/hexo-util-2.5.0.tgz#de5635341116ba2563a789a0ebceb55a875221ad"
  integrity sha512-l0zkqcg2524KPO84HQe0JROpPlCM/dEnCJaJrZ1qsq+3+/YxhDa0zxiGtUVY1dtrWzOK/V11Zj+UEklhGP8Jeg==
  dependencies:
    bluebird "^3.5.2"
    camel-case "^4.0.0"
    cross-spawn "^7.0.0"
    deepmerge "^4.2.2"
    highlight.js "^10.7.1"
    htmlparser2 "^6.0.0"
    prismjs "^1.17.1"
    strip-indent "^3.0.0"

highlight.js@^10.7.1:
  version "10.7.3"
  resolved "http://r.tnpm.oa.com/highlight.js/-/highlight.js-10.7.3.tgz#697272e3991356e40c3cac566a74eef681756531"
  integrity sha512-tzcUFauisWKNHaRkN4Wjl/ZA07gENAjFl3J/c480dprkGTg5EQstgaNFqBfUqCq54kZRIEcreTsAgF/m2quD7A==

htmlparser2@^6.0.0:
  version "6.1.0"
  resolved "http://r.tnpm.oa.com/htmlparser2/-/htmlparser2-6.1.0.tgz#c4d762b6c3371a05dbe65e94ae43a9f845fb8fb7"
  integrity sha512-gyyPk6rgonLFEDGoeRgQNaEUvdJ4ktTmmUh/h2t7s+M8oPpIPxgNACWa+6ESR57kXstwqPiCut0V8NRpcwgU7A==
  dependencies:
    domelementtype "^2.0.1"
    domhandler "^4.0.0"
    domutils "^2.5.2"
    entities "^2.0.0"

is-binary-path@~2.1.0:
  version "2.1.0"
  resolved "http://r.tnpm.oa.com/is-binary-path/-/is-binary-path-2.1.0.tgz#ea1f7f3b80f064236e83470f86c09c254fb45b09"
  integrity sha512-ZMERYes6pDydyuGidse7OsHxtbI7WVeUEozgR/g7rd0xUimYNlvZRE/K2MgZTjWy725IfelLeVcEM97mmtRGXw==
  dependencies:
    binary-extensions "^2.0.0"

is-core-module@^2.2.0:
  version "2.4.0"
  resolved "http://r.tnpm.oa.com/is-core-module/-/is-core-module-2.4.0.tgz#8e9fc8e15027b011418026e98f0e6f4d86305cc1"
  integrity sha512-6A2fkfq1rfeQZjxrZJGerpLCTHRNEBiSgnu0+obeJpEPZRUooHgsizvzv0ZjJwOz3iWIHdJtVWJ/tmPr3D21/A==
  dependencies:
    has "^1.0.3"

is-extglob@^2.1.1:
  version "2.1.1"
  resolved "http://r.tnpm.oa.com/is-extglob/-/is-extglob-2.1.1.tgz#a88c02535791f02ed37c76a1b9ea9773c833f8c2"
  integrity sha1-qIwCU1eR8C7TfHahueqXc8gz+MI=

is-glob@^4.0.1, is-glob@~4.0.1:
  version "4.0.1"
  resolved "http://r.tnpm.oa.com/is-glob/-/is-glob-4.0.1.tgz#7567dbe9f2f5e2467bc77ab83c4a29482407a5dc"
  integrity sha512-5G0tKtBTFImOqDnLB2hG6Bp2qcKEFduo4tZu9MT/H6NQv/ghhy30o55ufafxJ/LdH79LLs2Kfrn85TLKyA7BUg==
  dependencies:
    is-extglob "^2.1.1"

is-number@^7.0.0:
  version "7.0.0"
  resolved "http://r.tnpm.oa.com/is-number/-/is-number-7.0.0.tgz#7535345b896734d5f80c4d06c50955527a14f12b"
  integrity sha512-41Cifkg6e8TylSpdtTpeLVMqvSBEVzTttHvERD741+pnZ8ANv0004MRL43QKPDlK9cGvNp6NZWZUBlbGXYxxng==

isexe@^2.0.0:
  version "2.0.0"
  resolved "http://r.tnpm.oa.com/isexe/-/isexe-2.0.0.tgz#e8fbf374dc556ff8947a10dcb0572d633f2cfa10"
  integrity sha1-6PvzdNxVb/iUehDcsFctYz8s+hA=

lower-case@^2.0.2:
  version "2.0.2"
  resolved "http://r.tnpm.oa.com/lower-case/-/lower-case-2.0.2.tgz#6fa237c63dbdc4a82ca0fd882e4722dc5e634e28"
  integrity sha512-7fm3l3NAF9WfN6W3JOmf5drwpVqX78JtoGJ3A6W0a6ZnldM41w2fV5D490psKFTpMds8TJse/eHLFFsNHHjHgg==
  dependencies:
    tslib "^2.0.3"

min-indent@^1.0.0:
  version "1.0.1"
  resolved "http://r.tnpm.oa.com/min-indent/-/min-indent-1.0.1.tgz#a63f681673b30571fbe8bc25686ae746eefa9869"
  integrity sha512-I9jwMn07Sy/IwOj3zVkVik2JTvgpaykDZEigL6Rx6N9LbMywwUSMtxET+7lVoDLLd3O3IXwJwvuuns8UB/HeAg==

minimist@^1.2.5:
  version "1.2.5"
  resolved "http://r.tnpm.oa.com/minimist/-/minimist-1.2.5.tgz#67d66014b66a6a8aaa0c083c5fd58df4e4e97602"
  integrity sha512-FM9nNUYrRBAELZQT3xeZQ7fmMOBg6nWNmJKTcgsJeaLstP/UODVpGsr5OhXhhXg6f+qtJ8uiZ+PUxkDWcgIXLw==

no-case@^3.0.4:
  version "3.0.4"
  resolved "http://r.tnpm.oa.com/no-case/-/no-case-3.0.4.tgz#d361fd5c9800f558551a8369fc0dcd4662b6124d"
  integrity sha512-fgAN3jGAh+RoxUGZHTSOLJIqUc2wmoBwGR4tbpNAKmmovFoWq0OdRkb0VkldReO2a2iBT/OEulG9XSUc10r3zg==
  dependencies:
    lower-case "^2.0.2"
    tslib "^2.0.3"

normalize-path@^3.0.0, normalize-path@~3.0.0:
  version "3.0.0"
  resolved "http://r.tnpm.oa.com/normalize-path/-/normalize-path-3.0.0.tgz#0dcd69ff23a1c9b11fd0978316644a0388216a65"
  integrity sha512-6eZs5Ls3WtCisHWp9S2GUy8dqkpGi4BVSz3GaqiE6ezub0512ESztXUwUB6C6IKbQkY2Pnb/mD4WYojCRwcwLA==

pascal-case@^3.1.2:
  version "3.1.2"
  resolved "http://r.tnpm.oa.com/pascal-case/-/pascal-case-3.1.2.tgz#b48e0ef2b98e205e7c1dae747d0b1508237660eb"
  integrity sha512-uWlGT3YSnK9x3BQJaOdcZwrnV6hPpd8jFH1/ucpiLRPh/2zCVJKS19E4GvYHvaCcACn3foXZ0cLB9Wrx1KGe5g==
  dependencies:
    no-case "^3.0.4"
    tslib "^2.0.3"

path-key@^3.1.0:
  version "3.1.1"
  resolved "http://r.tnpm.oa.com/path-key/-/path-key-3.1.1.tgz#581f6ade658cbba65a0d3380de7753295054f375"
  integrity sha512-ojmeN0qd+y0jszEtoY48r0Peq5dwMEkIlCOu6Q5f41lfkswXuKtYrhgoTpLnyIcHm24Uhqx+5Tqm2InSwLhE6Q==

path-parse@^1.0.6:
  version "1.0.7"
  resolved "http://r.tnpm.oa.com/path-parse/-/path-parse-1.0.7.tgz#fbc114b60ca42b30d9daf5858e4bd68bbedb6735"
  integrity sha512-LDJzPVEEEPR+y48z93A0Ed0yXb8pAByGWo/k5YYdYgpY2/2EsOsksJrq7lOHxryrVOn1ejG6oAp8ahvOIQD8sw==

picomatch@^2.0.4, picomatch@^2.2.1:
  version "2.3.0"
  resolved "http://r.tnpm.oa.com/picomatch/-/picomatch-2.3.0.tgz#f1f061de8f6a4bf022892e2d128234fb98302972"
  integrity sha512-lY1Q/PiJGC2zOv/z391WOTD+Z02bCgsFfvxoXXf6h7kv9o+WmsmzYqrAwY63sNgOxE4xEdq0WyUnXfKeBrSvYw==

prismjs@^1.17.1:
  version "1.23.0"
  resolved "http://r.tnpm.oa.com/prismjs/-/prismjs-1.23.0.tgz#d3b3967f7d72440690497652a9d40ff046067f33"
  integrity sha512-c29LVsqOaLbBHuIbsTxaKENh1N2EQBOHaWv7gkHN4dgRbxSREqDnDbtFJYdpPauS4YCplMSNCABQ6Eeor69bAA==
  optionalDependencies:
    clipboard "^2.0.0"

readdirp@~3.5.0:
  version "3.5.0"
  resolved "http://r.tnpm.oa.com/readdirp/-/readdirp-3.5.0.tgz#9ba74c019b15d365278d2e91bb8c48d7b4d42c9e"
  integrity sha512-cMhu7c/8rdhkHXWsY+osBhfSy0JikwpHK/5+imo+LpeasTF8ouErHrlYkwT0++njiyuDvc7OFY5T3ukvZ8qmFQ==
  dependencies:
    picomatch "^2.2.1"

resolve@^1.11.0:
  version "1.20.0"
  resolved "http://r.tnpm.oa.com/resolve/-/resolve-1.20.0.tgz#629a013fb3f70755d6f0b7935cc1c2c5378b1975"
  integrity sha512-wENBPt4ySzg4ybFQW2TT1zMQucPK95HSh/nq2CFTZVOGut2+pQvSsgtda4d26YrYcr067wjbmzOG8byDPBX63A==
  dependencies:
    is-core-module "^2.2.0"
    path-parse "^1.0.6"

select@^1.1.2:
  version "1.1.2"
  resolved "http://r.tnpm.oa.com/select/-/select-1.1.2.tgz#0e7350acdec80b1108528786ec1d4418d11b396d"
  integrity sha1-DnNQrN7ICxEIUoeG7B1EGNEbOW0=

shebang-command@^2.0.0:
  version "2.0.0"
  resolved "http://r.tnpm.oa.com/shebang-command/-/shebang-command-2.0.0.tgz#ccd0af4f8835fbdc265b82461aaf0c36663f34ea"
  integrity sha512-kHxr2zZpYtdmrN1qDjrrX/Z1rR1kG8Dx+gkpK1G4eXmvXswmcE1hTWBWYUzlraYw1/yZp6YuDY77YtvbN0dmDA==
  dependencies:
    shebang-regex "^3.0.0"

shebang-regex@^3.0.0:
  version "3.0.0"
  resolved "http://r.tnpm.oa.com/shebang-regex/-/shebang-regex-3.0.0.tgz#ae16f1644d873ecad843b0307b143362d4c42172"
  integrity sha512-7++dFhtcx3353uBaq8DDR4NuxBetBzC7ZQOhmTQInHEd6bSrXdiEyzCvG07Z44UYdLShWUyXt5M/yhz8ekcb1A==

strip-indent@^3.0.0:
  version "3.0.0"
  resolved "http://r.tnpm.oa.com/strip-indent/-/strip-indent-3.0.0.tgz#c32e1cee940b6b3432c771bc2c54bcce73cd3001"
  integrity sha512-laJTa3Jb+VQpaC6DseHhF7dXVqHTfJPCRDaEbid/drOhgitgYku/letMUqOXFoWV0zIIUbjpdH2t+tYj4bQMRQ==
  dependencies:
    min-indent "^1.0.0"

supports-color@^7.1.0:
  version "7.2.0"
  resolved "http://r.tnpm.oa.com/supports-color/-/supports-color-7.2.0.tgz#1b7dcdcb32b8138801b3e478ba6a51caa89648da"
  integrity sha512-qpCAvRl9stuOHveKsn7HncJRvv501qIacKzQlO/+Lwxc9+0q2wLyv4Dfvt80/DPn2pqOBsJdDiogXGR9+OvwRw==
  dependencies:
    has-flag "^4.0.0"

tildify@^2.0.0:
  version "2.0.0"
  resolved "http://r.tnpm.oa.com/tildify/-/tildify-2.0.0.tgz#f205f3674d677ce698b7067a99e949ce03b4754a"
  integrity sha512-Cc+OraorugtXNfs50hU9KS369rFXCfgGLpfCfvlc+Ud5u6VWmUQsOAa9HbTvheQdYnrdJqqv1e5oIqXppMYnSw==

tiny-emitter@^2.0.0:
  version "2.1.0"
  resolved "http://r.tnpm.oa.com/tiny-emitter/-/tiny-emitter-2.1.0.tgz#1d1a56edfc51c43e863cbb5382a72330e3555423"
  integrity sha512-NB6Dk1A9xgQPMoGqC5CVXn123gWyte215ONT5Pp5a0yt4nlEoO1ZWeCwpncaekPHXO60i47ihFnZPiRPjRMq4Q==

to-regex-range@^5.0.1:
  version "5.0.1"
  resolved "http://r.tnpm.oa.com/to-regex-range/-/to-regex-range-5.0.1.tgz#1648c44aae7c8d988a326018ed72f5b4dd0392e4"
  integrity sha512-65P7iz6X5yEr1cwcgvQxbbIw7Uk3gOy5dIdtZ4rDveLqhrdJP+Li/Hx6tyK0NEb+2GCyneCMJiGqrADCSNk8sQ==
  dependencies:
    is-number "^7.0.0"

tslib@^2.0.3:
  version "2.3.0"
  resolved "http://r.tnpm.oa.com/tslib/-/tslib-2.3.0.tgz#803b8cdab3e12ba581a4ca41c8839bbb0dacb09e"
  integrity sha512-N82ooyxVNm6h1riLCoyS9e3fuJ3AMG2zIZs2Gd1ATcSFjSA23Q0fzjjZeh0jbJvWVDZ0cJT8yaNNaaXHzueNjg==

which@^2.0.1:
  version "2.0.2"
  resolved "http://r.tnpm.oa.com/which/-/which-2.0.2.tgz#7c6a8dd0a636a0327e10b59c9286eee93f3f51b1"
  integrity sha512-BLI3Tl1TW3Pvl70l3yq3Y64i+awpwXqsGBYWkkqMtnbXgrMD+yj7rhW0kuEDxzJaYXGjEW5ogapKNMEKNMjibA==
  dependencies:
    isexe "^2.0.0"
